
Microsoft Visual Studio Solution File, Format Version 12.00
# Visual Studio Version 16
VisualStudioVersion = 16.0.29102.190
MinimumVisualStudioVersion = 10.0.40219.1
Project("{2150E333-8FDC-42A3-9474-1A3956D46DE8}") = "root", "root", "{51032066-A4B2-44DC-9932-C34D3926FBB3}"
	ProjectSection(SolutionItems) = preProject
		.gitignore = .gitignore
		LICENSE = LICENSE
	EndProjectSection
EndProject
Project("{9A19103F-16F7-4668-BE54-9A1E7A4F7556}") = "FollowerNPC", "FollowerNPC\FollowerNPC.csproj", "{D9134FFB-4A92-401E-9191-D2755F70909E}"
EndProject
Project("{9A19103F-16F7-4668-BE54-9A1E7A4F7556}") = "IridiumToolsPatch", "IridiumToolsPatch\IridiumToolsPatch.csproj", "{0A3E105A-FEEE-46C4-BD20-35F7B9EDA987}"
EndProject
Project("{9A19103F-16F7-4668-BE54-9A1E7A4F7556}") = "MultipleGiftsForSpouse", "MultipleGiftsForSpouse\MultipleGiftsForSpouse.csproj", "{432A194D-98A9-400C-A94E-2F7D3BDBCD26}"
EndProject
Global
	GlobalSection(SolutionConfigurationPlatforms) = preSolution
		Debug|x86 = Debug|x86
		Release|x86 = Release|x86
	EndGlobalSection
	GlobalSection(ProjectConfigurationPlatforms) = postSolution
		{D9134FFB-4A92-401E-9191-D2755F70909E}.Debug|x86.ActiveCfg = Debug|x86
		{D9134FFB-4A92-401E-9191-D2755F70909E}.Debug|x86.Build.0 = Debug|x86
		{D9134FFB-4A92-401E-9191-D2755F70909E}.Release|x86.ActiveCfg = Release|x86
		{D9134FFB-4A92-401E-9191-D2755F70909E}.Release|x86.Build.0 = Release|x86
		{0A3E105A-FEEE-46C4-BD20-35F7B9EDA987}.Debug|x86.ActiveCfg = Debug|x86
		{0A3E105A-FEEE-46C4-BD20-35F7B9EDA987}.Debug|x86.Build.0 = Debug|x86
		{0A3E105A-FEEE-46C4-BD20-35F7B9EDA987}.Release|x86.ActiveCfg = Release|x86
		{0A3E105A-FEEE-46C4-BD20-35F7B9EDA987}.Release|x86.Build.0 = Release|x86
		{432A194D-98A9-400C-A94E-2F7D3BDBCD26}.Debug|x86.ActiveCfg = Debug|x86
		{432A194D-98A9-400C-A94E-2F7D3BDBCD26}.Debug|x86.Build.0 = Debug|x86
		{432A194D-98A9-400C-A94E-2F7D3BDBCD26}.Release|x86.ActiveCfg = Release|x86
		{432A194D-98A9-400C-A94E-2F7D3BDBCD26}.Release|x86.Build.0 = Release|x86
	EndGlobalSection
	GlobalSection(SolutionProperties) = preSolution
		HideSolutionNode = FALSE
	EndGlobalSection
	GlobalSection(ExtensibilityGlobals) = postSolution
		SolutionGuid = {BD6268F3-B82C-45B7-B837-353473F6ED63}
	EndGlobalSection
EndGlobal
